
Microsoft Visual Studio Solution File, Format Version 12.00
# Visual Studio Version 17
VisualStudioVersion = 17.4.33205.214
MinimumVisualStudioVersion = 10.0.40219.1
Project("{9A19103F-16F7-4668-BE54-9A1E7A4F7556}") = "Domain", "Domain\Domain.csproj", "{4B2465A6-05FF-45F5-9C28-4A2EE1DF7FE0}"
EndProject
Project("{9A19103F-16F7-4668-BE54-9A1E7A4F7556}") = "Data", "Data\Data.csproj", "{10B930E3-78F6-4505-852C-487E3873104F}"
EndProject
Project("{9A19103F-16F7-4668-BE54-9A1E7A4F7556}") = "WebBlazor", "WebBlazor\WebBlazor.csproj", "{2F753489-18A2-472A-A706-09A9C11E447B}"
EndProject
Project("{9A19103F-16F7-4668-BE54-9A1E7A4F7556}") = "Application", "Application\Application.csproj", "{12B2CEA5-C0D6-416B-9EF6-353A6CC724CD}"
EndProject
Global
	GlobalSection(SolutionConfigurationPlatforms) = preSolution
		Debug|Any CPU = Debug|Any CPU
		Release|Any CPU = Release|Any CPU
	EndGlobalSection
	GlobalSection(ProjectConfigurationPlatforms) = postSolution
		{4B2465A6-05FF-45F5-9C28-4A2EE1DF7FE0}.Debug|Any CPU.ActiveCfg = Debug|Any CPU
		{4B2465A6-05FF-45F5-9C28-4A2EE1DF7FE0}.Debug|Any CPU.Build.0 = Debug|Any CPU
		{4B2465A6-05FF-45F5-9C28-4A2EE1DF7FE0}.Release|Any CPU.ActiveCfg = Release|Any CPU
		{4B2465A6-05FF-45F5-9C28-4A2EE1DF7FE0}.Release|Any CPU.Build.0 = Release|Any CPU
		{10B930E3-78F6-4505-852C-487E3873104F}.Debug|Any CPU.ActiveCfg = Debug|Any CPU
		{10B930E3-78F6-4505-852C-487E3873104F}.Debug|Any CPU.Build.0 = Debug|Any CPU
		{10B930E3-78F6-4505-852C-487E3873104F}.Release|Any CPU.ActiveCfg = Release|Any CPU
		{10B930E3-78F6-4505-852C-487E3873104F}.Release|Any CPU.Build.0 = Release|Any CPU
		{2F753489-18A2-472A-A706-09A9C11E447B}.Debug|Any CPU.ActiveCfg = Debug|Any CPU
		{2F753489-18A2-472A-A706-09A9C11E447B}.Debug|Any CPU.Build.0 = Debug|Any CPU
		{2F753489-18A2-472A-A706-09A9C11E447B}.Release|Any CPU.ActiveCfg = Release|Any CPU
		{2F753489-18A2-472A-A706-09A9C11E447B}.Release|Any CPU.Build.0 = Release|Any CPU
		{12B2CEA5-C0D6-416B-9EF6-353A6CC724CD}.Debug|Any CPU.ActiveCfg = Debug|Any CPU
		{12B2CEA5-C0D6-416B-9EF6-353A6CC724CD}.Debug|Any CPU.Build.0 = Debug|Any CPU
		{12B2CEA5-C0D6-416B-9EF6-353A6CC724CD}.Release|Any CPU.ActiveCfg = Release|Any CPU
		{12B2CEA5-C0D6-416B-9EF6-353A6CC724CD}.Release|Any CPU.Build.0 = Release|Any CPU
	EndGlobalSection
	GlobalSection(SolutionProperties) = preSolution
		HideSolutionNode = FALSE
	EndGlobalSection
	GlobalSection(ExtensibilityGlobals) = postSolution
		SolutionGuid = {C3112BF3-9CA2-4599-A751-3D848456E6BE}
	EndGlobalSection
EndGlobal
